
Microsoft Visual Studio Solution File, Format Version 12.00
# Visual Studio Version 17
VisualStudioVersion = 17.10.35013.160
MinimumVisualStudioVersion = 10.0.40219.1
Project("{FAE04EC0-301F-11D3-BF4B-00C04F79EFBC}") = "IndexatorsDZ", "IndexatorsDZ.csproj", "{F820CF14-81F3-4F31-9C4E-2ECA28DF0B58}"
EndProject
Global
	GlobalSection(SolutionConfigurationPlatforms) = preSolution
		Debug|Any CPU = Debug|Any CPU
		Release|Any CPU = Release|Any CPU
	EndGlobalSection
	GlobalSection(ProjectConfigurationPlatforms) = postSolution
		{F820CF14-81F3-4F31-9C4E-2ECA28DF0B58}.Debug|Any CPU.ActiveCfg = Debug|Any CPU
		{F820CF14-81F3-4F31-9C4E-2ECA28DF0B58}.Debug|Any CPU.Build.0 = Debug|Any CPU
		{F820CF14-81F3-4F31-9C4E-2ECA28DF0B58}.Release|Any CPU.ActiveCfg = Release|Any CPU
		{F820CF14-81F3-4F31-9C4E-2ECA28DF0B58}.Release|Any CPU.Build.0 = Release|Any CPU
	EndGlobalSection
	GlobalSection(SolutionProperties) = preSolution
		HideSolutionNode = FALSE
	EndGlobalSection
	GlobalSection(ExtensibilityGlobals) = postSolution
		SolutionGuid = {8C341C30-08D8-4C53-A762-0D8483159DFA}
	EndGlobalSection
EndGlobal
